
Microsoft Visual Studio Solution File, Format Version 12.00
# Visual Studio Version 17
VisualStudioVersion = 17.6.33829.357
MinimumVisualStudioVersion = 10.0.40219.1
Project("{888888A0-9F3D-457C-B088-3A5042F75D52}") = "Screenshots_reciever", "Screenshots_reciever\Screenshots_reciever.pyproj", "{30CFB1E6-958D-4BBE-AA8E-24D50D983FF6}"
EndProject
Global
	GlobalSection(SolutionConfigurationPlatforms) = preSolution
		Debug|Any CPU = Debug|Any CPU
		Release|Any CPU = Release|Any CPU
	EndGlobalSection
	GlobalSection(ProjectConfigurationPlatforms) = postSolution
		{30CFB1E6-958D-4BBE-AA8E-24D50D983FF6}.Debug|Any CPU.ActiveCfg = Debug|Any CPU
		{30CFB1E6-958D-4BBE-AA8E-24D50D983FF6}.Release|Any CPU.ActiveCfg = Release|Any CPU
	EndGlobalSection
	GlobalSection(SolutionProperties) = preSolution
		HideSolutionNode = FALSE
	EndGlobalSection
	GlobalSection(ExtensibilityGlobals) = postSolution
		SolutionGuid = {9700F412-624B-4D0D-8B2E-6F45A965BBAF}
	EndGlobalSection
EndGlobal
